Microsoft Visual Studio Solution File, Format Version 12.00
Project("{FAE04EC0-301F-11D3-BF4B-00C04F79EFBC}") = "TutorCabinet", "src\Server\TutorCabinet.Api\TutorCabinet.Api.csproj", "{CE068288-56E4-4BAC-A2C6-18E829E2B572}"
EndProject
Project("{2150E333-8FDC-42A3-9474-1A3956D46DE8}") = "Server", "Server", "{9C5C9AD4-B977-4EC6-B710-96A0B1C4444C}"
EndProject
Project("{2150E333-8FDC-42A3-9474-1A3956D46DE8}") = "Tests", "Tests\Server", "{D7474953-F093-46DF-A470-851939E0411F}"
EndProject
Global
	GlobalSection(SolutionConfigurationPlatforms) = preSolution
		Debug|Any CPU = Debug|Any CPU
		Release|Any CPU = Release|Any CPU
	EndGlobalSection
	GlobalSection(ProjectConfigurationPlatforms) = postSolution
		{CE068288-56E4-4BAC-A2C6-18E829E2B572}.Debug|Any CPU.ActiveCfg = Debug|Any CPU
		{CE068288-56E4-4BAC-A2C6-18E829E2B572}.Debug|Any CPU.Build.0 = Debug|Any CPU
		{CE068288-56E4-4BAC-A2C6-18E829E2B572}.Release|Any CPU.ActiveCfg = Release|Any CPU
		{CE068288-56E4-4BAC-A2C6-18E829E2B572}.Release|Any CPU.Build.0 = Release|Any CPU
	EndGlobalSection
	GlobalSection(NestedProjects) = preSolution
		{CE068288-56E4-4BAC-A2C6-18E829E2B572} = {9C5C9AD4-B977-4EC6-B710-96A0B1C4444C}
	EndGlobalSection
EndGlobal